
Microsoft Visual Studio Solution File, Format Version 12.00
# Visual Studio 15
VisualStudioVersion = 15.0.27130.2010
MinimumVisualStudioVersion = 10.0.40219.1
Project("{2150E333-8FDC-42A3-9474-1A3956D46DE8}") = "BL", "BL", "{6EE06B9C-33F4-45A0-A9B8-DC98BED570B1}"
EndProject
Project("{FAE04EC0-301F-11D3-BF4B-00C04F79EFBC}") = "BL.CORE", "BL.CORE\BL.CORE.csproj", "{EB7ACDD2-C317-489A-A5CD-D73402892986}"
EndProject
Project("{FAE04EC0-301F-11D3-BF4B-00C04F79EFBC}") = "BL.Services", "BL.Services\BL.Services.csproj", "{1C3CF8AA-1E17-4CF4-82E6-D4A4A2F4435E}"
EndProject
Project("{2150E333-8FDC-42A3-9474-1A3956D46DE8}") = "DL", "DL", "{C85778BC-311E-4F4A-AA2E-772106E36330}"
EndProject
Project("{FAE04EC0-301F-11D3-BF4B-00C04F79EFBC}") = "DL.DataContext", "DL.DataContext\DL.DataContext.csproj", "{54C0C0C1-24C5-4C78-9C2F-64CF567033BD}"
EndProject
Project("{FAE04EC0-301F-11D3-BF4B-00C04F79EFBC}") = "FootBallWebCoreApp", "FootBallWebCoreApp\FootBallWebCoreApp.csproj", "{F398DE2D-A6B2-4651-A212-900D0FE1E10F}"
EndProject
Global
	GlobalSection(SolutionConfigurationPlatforms) = preSolution
		Debug|Any CPU = Debug|Any CPU
		Release|Any CPU = Release|Any CPU
	EndGlobalSection
	GlobalSection(ProjectConfigurationPlatforms) = postSolution
		{EB7ACDD2-C317-489A-A5CD-D73402892986}.Debug|Any CPU.ActiveCfg = Debug|Any CPU
		{EB7ACDD2-C317-489A-A5CD-D73402892986}.Debug|Any CPU.Build.0 = Debug|Any CPU
		{EB7ACDD2-C317-489A-A5CD-D73402892986}.Release|Any CPU.ActiveCfg = Release|Any CPU
		{EB7ACDD2-C317-489A-A5CD-D73402892986}.Release|Any CPU.Build.0 = Release|Any CPU
		{1C3CF8AA-1E17-4CF4-82E6-D4A4A2F4435E}.Debug|Any CPU.ActiveCfg = Debug|Any CPU
		{1C3CF8AA-1E17-4CF4-82E6-D4A4A2F4435E}.Debug|Any CPU.Build.0 = Debug|Any CPU
		{1C3CF8AA-1E17-4CF4-82E6-D4A4A2F4435E}.Release|Any CPU.ActiveCfg = Release|Any CPU
		{1C3CF8AA-1E17-4CF4-82E6-D4A4A2F4435E}.Release|Any CPU.Build.0 = Release|Any CPU
		{54C0C0C1-24C5-4C78-9C2F-64CF567033BD}.Debug|Any CPU.ActiveCfg = Debug|Any CPU
		{54C0C0C1-24C5-4C78-9C2F-64CF567033BD}.Debug|Any CPU.Build.0 = Debug|Any CPU
		{54C0C0C1-24C5-4C78-9C2F-64CF567033BD}.Release|Any CPU.ActiveCfg = Release|Any CPU
		{54C0C0C1-24C5-4C78-9C2F-64CF567033BD}.Release|Any CPU.Build.0 = Release|Any CPU
		{F398DE2D-A6B2-4651-A212-900D0FE1E10F}.Debug|Any CPU.ActiveCfg = Debug|Any CPU
		{F398DE2D-A6B2-4651-A212-900D0FE1E10F}.Debug|Any CPU.Build.0 = Debug|Any CPU
		{F398DE2D-A6B2-4651-A212-900D0FE1E10F}.Release|Any CPU.ActiveCfg = Release|Any CPU
		{F398DE2D-A6B2-4651-A212-900D0FE1E10F}.Release|Any CPU.Build.0 = Release|Any CPU
	EndGlobalSection
	GlobalSection(SolutionProperties) = preSolution
		HideSolutionNode = FALSE
	EndGlobalSection
	GlobalSection(NestedProjects) = preSolution
		{EB7ACDD2-C317-489A-A5CD-D73402892986} = {6EE06B9C-33F4-45A0-A9B8-DC98BED570B1}
		{1C3CF8AA-1E17-4CF4-82E6-D4A4A2F4435E} = {6EE06B9C-33F4-45A0-A9B8-DC98BED570B1}
		{54C0C0C1-24C5-4C78-9C2F-64CF567033BD} = {C85778BC-311E-4F4A-AA2E-772106E36330}
	EndGlobalSection
	GlobalSection(ExtensibilityGlobals) = postSolution
		SolutionGuid = {E6964696-3CA5-44F4-AC73-A51A971ED776}
	EndGlobalSection
EndGlobal
